
Microsoft Visual Studio Solution File, Format Version 12.00
# Visual Studio Version 17
VisualStudioVersion = 17.0.32126.317
MinimumVisualStudioVersion = 10.0.40219.1
Project("{2150E333-8FDC-42A3-9474-1A3956D46DE8}") = "src", "src", "{851AF50A-FD3D-4FD1-83E1-FCF154195CE6}"
EndProject
Project("{2150E333-8FDC-42A3-9474-1A3956D46DE8}") = "tests", "tests", "{D511EEFE-03BF-446A-8FF5-5FAAE8B9D168}"
EndProject
Project("{9A19103F-16F7-4668-BE54-9A1E7A4F7556}") = "OrioksServer", "src\OrioksServer\OrioksServer.csproj", "{0A2F6D6F-0A66-4688-A8F5-D1E710CDAFF4}"
EndProject
Project("{9A19103F-16F7-4668-BE54-9A1E7A4F7556}") = "OrioksServer.Abstractions", "src\OrioksServer.Abstractions\OrioksServer.Abstractions.csproj", "{B6C25ABC-CF96-427E-A324-90A8751F7572}"
EndProject
Project("{9A19103F-16F7-4668-BE54-9A1E7A4F7556}") = "OrioksServer.Domain", "src\OrioksServer.Domain\OrioksServer.Domain.csproj", "{0E3C89C3-2CA7-480B-87D5-A066DF9E7F83}"
EndProject
Project("{9A19103F-16F7-4668-BE54-9A1E7A4F7556}") = "OrioksServer.Persistance", "src\OrioksServer.Persistance\OrioksServer.Persistance.csproj", "{481F6991-47C4-483E-909B-C56D21598B6B}"
EndProject
Project("{9A19103F-16F7-4668-BE54-9A1E7A4F7556}") = "OrioksServer.Tests", "tests\OrioksServer.Tests\OrioksServer.Tests.csproj", "{C41FE0C1-2171-4251-B802-CCFCCB21E0F4}"
EndProject
Project("{2150E333-8FDC-42A3-9474-1A3956D46DE8}") = "Solution Items", "Solution Items", "{288D56DD-21C9-4363-A181-B972AD48918B}"
	ProjectSection(SolutionItems) = preProject
		.editorconfig = .editorconfig
		.gitignore = .gitignore
		deploy.sh = deploy.sh
		dockerize.sh = dockerize.sh
		.github\workflows\dockerize.yml = .github\workflows\dockerize.yml
		.github\workflows\dotnet.yml = .github\workflows\dotnet.yml
		postgres.env = postgres.env
		server.env = server.env
	EndProjectSection
EndProject
Project("{2150E333-8FDC-42A3-9474-1A3956D46DE8}") = "docs", "docs", "{A5E18AEF-2E85-4F3F-8168-E99F13638225}"
	ProjectSection(SolutionItems) = preProject
		docs\schedule.md = docs\schedule.md
		docs\teachers.md = docs\teachers.md
	EndProjectSection
EndProject
Project("{2150E333-8FDC-42A3-9474-1A3956D46DE8}") = "env", "env", "{37E8517C-350A-430C-876C-279B84E4E719}"
	ProjectSection(SolutionItems) = preProject
		env\postgres.env = env\postgres.env
		env\server.env = env\server.env
	EndProjectSection
EndProject
Project("{2150E333-8FDC-42A3-9474-1A3956D46DE8}") = "scripts", "scripts", "{48D57F70-543F-43E8-9168-444CBA7A4C85}"
	ProjectSection(SolutionItems) = preProject
		scripts\deploy.sh = scripts\deploy.sh
		scripts\dockerize.sh = scripts\dockerize.sh
	EndProjectSection
EndProject
Global
	GlobalSection(SolutionConfigurationPlatforms) = preSolution
		Debug|Any CPU = Debug|Any CPU
		Release|Any CPU = Release|Any CPU
	EndGlobalSection
	GlobalSection(ProjectConfigurationPlatforms) = postSolution
		{0A2F6D6F-0A66-4688-A8F5-D1E710CDAFF4}.Debug|Any CPU.ActiveCfg = Debug|Any CPU
		{0A2F6D6F-0A66-4688-A8F5-D1E710CDAFF4}.Debug|Any CPU.Build.0 = Debug|Any CPU
		{0A2F6D6F-0A66-4688-A8F5-D1E710CDAFF4}.Release|Any CPU.ActiveCfg = Release|Any CPU
		{0A2F6D6F-0A66-4688-A8F5-D1E710CDAFF4}.Release|Any CPU.Build.0 = Release|Any CPU
		{B6C25ABC-CF96-427E-A324-90A8751F7572}.Debug|Any CPU.ActiveCfg = Debug|Any CPU
		{B6C25ABC-CF96-427E-A324-90A8751F7572}.Debug|Any CPU.Build.0 = Debug|Any CPU
		{B6C25ABC-CF96-427E-A324-90A8751F7572}.Release|Any CPU.ActiveCfg = Release|Any CPU
		{B6C25ABC-CF96-427E-A324-90A8751F7572}.Release|Any CPU.Build.0 = Release|Any CPU
		{0E3C89C3-2CA7-480B-87D5-A066DF9E7F83}.Debug|Any CPU.ActiveCfg = Debug|Any CPU
		{0E3C89C3-2CA7-480B-87D5-A066DF9E7F83}.Debug|Any CPU.Build.0 = Debug|Any CPU
		{0E3C89C3-2CA7-480B-87D5-A066DF9E7F83}.Release|Any CPU.ActiveCfg = Release|Any CPU
		{0E3C89C3-2CA7-480B-87D5-A066DF9E7F83}.Release|Any CPU.Build.0 = Release|Any CPU
		{481F6991-47C4-483E-909B-C56D21598B6B}.Debug|Any CPU.ActiveCfg = Debug|Any CPU
		{481F6991-47C4-483E-909B-C56D21598B6B}.Debug|Any CPU.Build.0 = Debug|Any CPU
		{481F6991-47C4-483E-909B-C56D21598B6B}.Release|Any CPU.ActiveCfg = Release|Any CPU
		{481F6991-47C4-483E-909B-C56D21598B6B}.Release|Any CPU.Build.0 = Release|Any CPU
		{C41FE0C1-2171-4251-B802-CCFCCB21E0F4}.Debug|Any CPU.ActiveCfg = Debug|Any CPU
		{C41FE0C1-2171-4251-B802-CCFCCB21E0F4}.Debug|Any CPU.Build.0 = Debug|Any CPU
		{C41FE0C1-2171-4251-B802-CCFCCB21E0F4}.Release|Any CPU.ActiveCfg = Release|Any CPU
		{C41FE0C1-2171-4251-B802-CCFCCB21E0F4}.Release|Any CPU.Build.0 = Release|Any CPU
	EndGlobalSection
	GlobalSection(SolutionProperties) = preSolution
		HideSolutionNode = FALSE
	EndGlobalSection
	GlobalSection(NestedProjects) = preSolution
		{0A2F6D6F-0A66-4688-A8F5-D1E710CDAFF4} = {851AF50A-FD3D-4FD1-83E1-FCF154195CE6}
		{B6C25ABC-CF96-427E-A324-90A8751F7572} = {851AF50A-FD3D-4FD1-83E1-FCF154195CE6}
		{0E3C89C3-2CA7-480B-87D5-A066DF9E7F83} = {851AF50A-FD3D-4FD1-83E1-FCF154195CE6}
		{481F6991-47C4-483E-909B-C56D21598B6B} = {851AF50A-FD3D-4FD1-83E1-FCF154195CE6}
		{C41FE0C1-2171-4251-B802-CCFCCB21E0F4} = {D511EEFE-03BF-446A-8FF5-5FAAE8B9D168}
		{37E8517C-350A-430C-876C-279B84E4E719} = {288D56DD-21C9-4363-A181-B972AD48918B}
		{48D57F70-543F-43E8-9168-444CBA7A4C85} = {288D56DD-21C9-4363-A181-B972AD48918B}
	EndGlobalSection
	GlobalSection(ExtensibilityGlobals) = postSolution
		SolutionGuid = {A2747E32-7F22-4B44-91D2-55760A54D59B}
	EndGlobalSection
EndGlobal
