
Microsoft Visual Studio Solution File, Format Version 12.00
# Visual Studio Version 17
VisualStudioVersion = 17.0.32126.317
MinimumVisualStudioVersion = 10.0.40219.1
Project("{FAE04EC0-301F-11D3-BF4B-00C04F79EFBC}") = "OrioksServer", "OrioksServer\OrioksServer.csproj", "{EFD0E551-19FA-4C0C-9435-D3D88C66C938}"
EndProject
Global
	GlobalSection(SolutionConfigurationPlatforms) = preSolution
		Debug|Any CPU = Debug|Any CPU
		Release|Any CPU = Release|Any CPU
	EndGlobalSection
	GlobalSection(ProjectConfigurationPlatforms) = postSolution
		{EFD0E551-19FA-4C0C-9435-D3D88C66C938}.Debug|Any CPU.ActiveCfg = Debug|Any CPU
		{EFD0E551-19FA-4C0C-9435-D3D88C66C938}.Debug|Any CPU.Build.0 = Debug|Any CPU
		{EFD0E551-19FA-4C0C-9435-D3D88C66C938}.Release|Any CPU.ActiveCfg = Release|Any CPU
		{EFD0E551-19FA-4C0C-9435-D3D88C66C938}.Release|Any CPU.Build.0 = Release|Any CPU
	EndGlobalSection
	GlobalSection(SolutionProperties) = preSolution
		HideSolutionNode = FALSE
	EndGlobalSection
	GlobalSection(ExtensibilityGlobals) = postSolution
		SolutionGuid = {A2747E32-7F22-4B44-91D2-55760A54D59B}
	EndGlobalSection
EndGlobal
